
Microsoft Visual Studio Solution File, Format Version 10.00
# Visual Studio 2008
Project("{FAE04EC0-301F-11D3-BF4B-00C04F79EFBC}") = "Elixis", "Elixis\Elixis.csproj", "{5D9512EB-C88B-49F8-B058-67F8CD53388B}"
EndProject
Project("{FAE04EC0-301F-11D3-BF4B-00C04F79EFBC}") = "Elixis.HowToUse", "Elixis.HowToUse\Elixis.HowToUse.csproj", "{335FEF1D-020F-43BE-A719-A491364F4A99}"
EndProject
Global
	GlobalSection(SolutionConfigurationPlatforms) = preSolution
		Debug|Any CPU = Debug|Any CPU
		Release|Any CPU = Release|Any CPU
	EndGlobalSection
	GlobalSection(ProjectConfigurationPlatforms) = postSolution
		{5D9512EB-C88B-49F8-B058-67F8CD53388B}.Debug|Any CPU.ActiveCfg = Debug|Any CPU
		{5D9512EB-C88B-49F8-B058-67F8CD53388B}.Debug|Any CPU.Build.0 = Debug|Any CPU
		{5D9512EB-C88B-49F8-B058-67F8CD53388B}.Release|Any CPU.ActiveCfg = Release|Any CPU
		{5D9512EB-C88B-49F8-B058-67F8CD53388B}.Release|Any CPU.Build.0 = Release|Any CPU
		{335FEF1D-020F-43BE-A719-A491364F4A99}.Debug|Any CPU.ActiveCfg = Debug|Any CPU
		{335FEF1D-020F-43BE-A719-A491364F4A99}.Debug|Any CPU.Build.0 = Debug|Any CPU
		{335FEF1D-020F-43BE-A719-A491364F4A99}.Release|Any CPU.ActiveCfg = Release|Any CPU
		{335FEF1D-020F-43BE-A719-A491364F4A99}.Release|Any CPU.Build.0 = Release|Any CPU
	EndGlobalSection
	GlobalSection(SolutionProperties) = preSolution
		HideSolutionNode = FALSE
	EndGlobalSection
EndGlobal
